
Microsoft Visual Studio Solution File, Format Version 12.00
# Visual Studio Version 17
VisualStudioVersion = 17.7.34221.43
MinimumVisualStudioVersion = 10.0.40219.1
Project("{FAE04EC0-301F-11D3-BF4B-00C04F79EFBC}") = "MassiveFruits", "MassiveFruits.csproj", "{D2B8BBFF-D4D7-4945-A7DB-106B26A5B4EF}"
EndProject
Global
	GlobalSection(SolutionConfigurationPlatforms) = preSolution
		Debug|Any CPU = Debug|Any CPU
		Release|Any CPU = Release|Any CPU
	EndGlobalSection
	GlobalSection(ProjectConfigurationPlatforms) = postSolution
		{D2B8BBFF-D4D7-4945-A7DB-106B26A5B4EF}.Debug|Any CPU.ActiveCfg = Debug|Any CPU
		{D2B8BBFF-D4D7-4945-A7DB-106B26A5B4EF}.Debug|Any CPU.Build.0 = Debug|Any CPU
		{D2B8BBFF-D4D7-4945-A7DB-106B26A5B4EF}.Release|Any CPU.ActiveCfg = Release|Any CPU
		{D2B8BBFF-D4D7-4945-A7DB-106B26A5B4EF}.Release|Any CPU.Build.0 = Release|Any CPU
	EndGlobalSection
	GlobalSection(SolutionProperties) = preSolution
		HideSolutionNode = FALSE
	EndGlobalSection
	GlobalSection(ExtensibilityGlobals) = postSolution
		SolutionGuid = {AA9C9201-2C88-41FB-BAEC-99D0489CEA68}
	EndGlobalSection
EndGlobal
