
Microsoft Visual Studio Solution File, Format Version 12.00
# Visual Studio Version 17
VisualStudioVersion = 17.8.34525.116
MinimumVisualStudioVersion = 10.0.40219.1
Project("{FAE04EC0-301F-11D3-BF4B-00C04F79EFBC}") = "DONE 7 ЛПЗ", "DONE 7 ЛПЗ.csproj", "{6BC8CBDE-A19E-45D5-A072-B18A116D5AB3}"
EndProject
Global
	GlobalSection(SolutionConfigurationPlatforms) = preSolution
		Debug|Any CPU = Debug|Any CPU
		Release|Any CPU = Release|Any CPU
	EndGlobalSection
	GlobalSection(ProjectConfigurationPlatforms) = postSolution
		{6BC8CBDE-A19E-45D5-A072-B18A116D5AB3}.Debug|Any CPU.ActiveCfg = Debug|Any CPU
		{6BC8CBDE-A19E-45D5-A072-B18A116D5AB3}.Debug|Any CPU.Build.0 = Debug|Any CPU
		{6BC8CBDE-A19E-45D5-A072-B18A116D5AB3}.Release|Any CPU.ActiveCfg = Release|Any CPU
		{6BC8CBDE-A19E-45D5-A072-B18A116D5AB3}.Release|Any CPU.Build.0 = Release|Any CPU
	EndGlobalSection
	GlobalSection(SolutionProperties) = preSolution
		HideSolutionNode = FALSE
	EndGlobalSection
	GlobalSection(ExtensibilityGlobals) = postSolution
		SolutionGuid = {9B84941F-4D16-4A74-A25B-605493D8B29A}
	EndGlobalSection
EndGlobal
