
Microsoft Visual Studio Solution File, Format Version 12.00
# Visual Studio Version 17
VisualStudioVersion = 17.8.34525.116
MinimumVisualStudioVersion = 10.0.40219.1
Project("{FAE04EC0-301F-11D3-BF4B-00C04F79EFBC}") = "DONE 1 ЛПЗ", "DONE 1 ЛПЗ.csproj", "{D62972FD-8351-4B8D-BD68-1FC7836BE1F1}"
EndProject
Global
	GlobalSection(SolutionConfigurationPlatforms) = preSolution
		Debug|Any CPU = Debug|Any CPU
		Release|Any CPU = Release|Any CPU
	EndGlobalSection
	GlobalSection(ProjectConfigurationPlatforms) = postSolution
		{D62972FD-8351-4B8D-BD68-1FC7836BE1F1}.Debug|Any CPU.ActiveCfg = Debug|Any CPU
		{D62972FD-8351-4B8D-BD68-1FC7836BE1F1}.Debug|Any CPU.Build.0 = Debug|Any CPU
		{D62972FD-8351-4B8D-BD68-1FC7836BE1F1}.Release|Any CPU.ActiveCfg = Release|Any CPU
		{D62972FD-8351-4B8D-BD68-1FC7836BE1F1}.Release|Any CPU.Build.0 = Release|Any CPU
	EndGlobalSection
	GlobalSection(SolutionProperties) = preSolution
		HideSolutionNode = FALSE
	EndGlobalSection
	GlobalSection(ExtensibilityGlobals) = postSolution
		SolutionGuid = {48B6EBF6-2A40-4C75-8032-3335561B5622}
	EndGlobalSection
EndGlobal
