
Microsoft Visual Studio Solution File, Format Version 12.00
# Visual Studio Version 17
VisualStudioVersion = 17.8.34525.116
MinimumVisualStudioVersion = 10.0.40219.1
Project("{FAE04EC0-301F-11D3-BF4B-00C04F79EFBC}") = "DONE 12 ЛПЗ", "DONE 12 ЛПЗ.csproj", "{3495CB73-F65B-407F-ADD4-B36A7E441AF5}"
EndProject
Global
	GlobalSection(SolutionConfigurationPlatforms) = preSolution
		Debug|Any CPU = Debug|Any CPU
		Release|Any CPU = Release|Any CPU
	EndGlobalSection
	GlobalSection(ProjectConfigurationPlatforms) = postSolution
		{3495CB73-F65B-407F-ADD4-B36A7E441AF5}.Debug|Any CPU.ActiveCfg = Debug|Any CPU
		{3495CB73-F65B-407F-ADD4-B36A7E441AF5}.Debug|Any CPU.Build.0 = Debug|Any CPU
		{3495CB73-F65B-407F-ADD4-B36A7E441AF5}.Release|Any CPU.ActiveCfg = Release|Any CPU
		{3495CB73-F65B-407F-ADD4-B36A7E441AF5}.Release|Any CPU.Build.0 = Release|Any CPU
	EndGlobalSection
	GlobalSection(SolutionProperties) = preSolution
		HideSolutionNode = FALSE
	EndGlobalSection
	GlobalSection(ExtensibilityGlobals) = postSolution
		SolutionGuid = {1FBDF4E3-FED7-4097-9725-40053D857E2E}
	EndGlobalSection
EndGlobal
