
Microsoft Visual Studio Solution File, Format Version 12.00
# Visual Studio Version 17
VisualStudioVersion = 17.8.34525.116
MinimumVisualStudioVersion = 10.0.40219.1
Project("{FAE04EC0-301F-11D3-BF4B-00C04F79EFBC}") = "DONE ЛПЗ 15", "DONE ЛПЗ 15.csproj", "{40A57588-81AD-4E20-9275-A4BDFFAB54F7}"
EndProject
Global
	GlobalSection(SolutionConfigurationPlatforms) = preSolution
		Debug|Any CPU = Debug|Any CPU
		Release|Any CPU = Release|Any CPU
	EndGlobalSection
	GlobalSection(ProjectConfigurationPlatforms) = postSolution
		{40A57588-81AD-4E20-9275-A4BDFFAB54F7}.Debug|Any CPU.ActiveCfg = Debug|Any CPU
		{40A57588-81AD-4E20-9275-A4BDFFAB54F7}.Debug|Any CPU.Build.0 = Debug|Any CPU
		{40A57588-81AD-4E20-9275-A4BDFFAB54F7}.Release|Any CPU.ActiveCfg = Release|Any CPU
		{40A57588-81AD-4E20-9275-A4BDFFAB54F7}.Release|Any CPU.Build.0 = Release|Any CPU
	EndGlobalSection
	GlobalSection(SolutionProperties) = preSolution
		HideSolutionNode = FALSE
	EndGlobalSection
	GlobalSection(ExtensibilityGlobals) = postSolution
		SolutionGuid = {6CBB2CBA-82C7-410A-A5D9-0B45FCF68D22}
	EndGlobalSection
EndGlobal
